<?xml version="1.0" encoding="utf-8"?>
<Project ToolsVersion="4.0" xmlns="http://schemas.microsoft.com/developer/msbuild/2003">
  <ItemGroup>
    <Filter Include="Main">
      <UniqueIdentifier>{88b6f87c-fca5-4c8b-84a7-24c3d0d3e89d}</UniqueIdentifier>
    </Filter>
    <Filter Include="Shader">
      <UniqueIdentifier>{6cf9dc9f-fce2-408c-86fa-ce6bf1f969e2}</UniqueIdentifier>
    </Filter>
    <Filter Include="Framework">
      <UniqueIdentifier>{86ba0b22-3064-4829-9dbf-a35ad7dfb249}</UniqueIdentifier>
    </Filter>
    <Filter Include="Framework\GameObject">
      <UniqueIdentifier>{cf32dc35-022f-4522-a950-bc166387d9b5}</UniqueIdentifier>
    </Filter>
    <Filter Include="Framework\Scene">
      <UniqueIdentifier>{532a11d3-e749-4da7-a56b-6a92c5320809}</UniqueIdentifier>
    </Filter>
    <Filter Include="Framework\Component">
      <UniqueIdentifier>{50209387-af25-4d9b-a457-632f240f405e}</UniqueIdentifier>
    </Filter>
    <Filter Include="Framework\Scene\Base">
      <UniqueIdentifier>{c05cf045-d756-4080-af6b-43317ac3fb35}</UniqueIdentifier>
    </Filter>
    <Filter Include="Framework\Scene\Manager">
      <UniqueIdentifier>{ca4f28f7-6b7c-43af-a60f-3b7586124cd6}</UniqueIdentifier>
    </Filter>
    <Filter Include="Framework\Scene\Scenes">
      <UniqueIdentifier>{f2fd1738-6f44-4f63-801b-93eff9279cb1}</UniqueIdentifier>
    </Filter>
    <Filter Include="Framework\GameObject\Base">
      <UniqueIdentifier>{a0c4d20b-530e-4708-b54e-492659cff534}</UniqueIdentifier>
    </Filter>
    <Filter Include="Framework\GameObject\Manager">
      <UniqueIdentifier>{f70b52c3-1fc6-4f97-a89d-6f8d999e67ee}</UniqueIdentifier>
    </Filter>
    <Filter Include="Framework\Component\Base">
      <UniqueIdentifier>{e3f663c0-2058-4080-b30b-c4765c13a7de}</UniqueIdentifier>
    </Filter>
    <Filter Include="Framework\Component\Manager">
      <UniqueIdentifier>{ad073a42-1cfe-408f-ae1a-746541edb8bb}</UniqueIdentifier>
    </Filter>
    <Filter Include="Framework\Component\Components">
      <UniqueIdentifier>{36c2f5e4-7f36-4bcb-be96-ab2b96676f4a}</UniqueIdentifier>
    </Filter>
    <Filter Include="Framework\GameObject\GameObjects">
      <UniqueIdentifier>{85fc9e8c-b96f-4c60-8030-0fa7b795815f}</UniqueIdentifier>
    </Filter>
  </ItemGroup>
  <ItemGroup>
    <ClCompile Include="Main.cpp">
      <Filter>Main</Filter>
    </ClCompile>
    <ClCompile Include="Scene.cpp">
      <Filter>Framework\Scene\Base</Filter>
    </ClCompile>
    <ClCompile Include="SceneManager.cpp">
      <Filter>Framework\Scene\Manager</Filter>
    </ClCompile>
    <ClCompile Include="TestScene.cpp">
      <Filter>Framework\Scene\Scenes</Filter>
    </ClCompile>
    <ClCompile Include="GameObject.cpp">
      <Filter>Framework\GameObject\Base</Filter>
    </ClCompile>
    <ClCompile Include="GameObjectManager.cpp">
      <Filter>Framework\GameObject\Manager</Filter>
    </ClCompile>
    <ClCompile Include="Component.cpp">
      <Filter>Framework\Component\Base</Filter>
    </ClCompile>
    <ClCompile Include="ComponentManager.cpp">
      <Filter>Framework\Component\Manager</Filter>
    </ClCompile>
    <ClCompile Include="TestComponent.cpp">
      <Filter>Framework\Component\Components</Filter>
    </ClCompile>
    <ClCompile Include="TestObject.cpp">
      <Filter>Framework\GameObject\GameObjects</Filter>
    </ClCompile>
  </ItemGroup>
  <ItemGroup>
    <ClInclude Include="Scene.h">
      <Filter>Framework\Scene\Base</Filter>
    </ClInclude>
    <ClInclude Include="SceneManager.h">
      <Filter>Framework\Scene\Manager</Filter>
    </ClInclude>
    <ClInclude Include="TestScene.h">
      <Filter>Framework\Scene\Scenes</Filter>
    </ClInclude>
    <ClInclude Include="GameObject.h">
      <Filter>Framework\GameObject\Base</Filter>
    </ClInclude>
    <ClInclude Include="GameObjectId.h">
      <Filter>Framework\GameObject</Filter>
    </ClInclude>
    <ClInclude Include="GameObjectManager.h">
      <Filter>Framework\GameObject\Manager</Filter>
    </ClInclude>
    <ClInclude Include="Component.h">
      <Filter>Framework\Component\Base</Filter>
    </ClInclude>
    <ClInclude Include="ComponentManager.h">
      <Filter>Framework\Component\Manager</Filter>
    </ClInclude>
    <ClInclude Include="TestComponent.h">
      <Filter>Framework\Component\Components</Filter>
    </ClInclude>
    <ClInclude Include="TestObject.h">
      <Filter>Framework\GameObject\GameObjects</Filter>
    </ClInclude>
  </ItemGroup>
</Project>